Microsoft Visual Studio Solution File, Format Version 12.00
# Visual Studio Version 17
VisualStudioVersion = 17.5.2.0
MinimumVisualStudioVersion = 10.0.40219.1
Project("{FAE04EC0-301F-11D3-BF4B-00C04F79EFBC}") = "extensions", "functions\extensions.csproj", "{1969E57D-1D30-CD96-2F29-39049964A35A}"
EndProject
Project("{FAE04EC0-301F-11D3-BF4B-00C04F79EFBC}") = "ReportMate.WindowsClient", "clients\windows\src\ReportMate.WindowsClient.csproj", "{2A3B4C5D-6E7F-8091-A2B3-C4D5E6F70819}"
EndProject
Global
	GlobalSection(SolutionConfigurationPlatforms) = preSolution
		Debug|Any CPU = Debug|Any CPU
		Release|Any CPU = Release|Any CPU
	EndGlobalSection
	GlobalSection(ProjectConfigurationPlatforms) = postSolution
		{1969E57D-1D30-CD96-2F29-39049964A35A}.Debug|Any CPU.ActiveCfg = Debug|Any CPU
		{1969E57D-1D30-CD96-2F29-39049964A35A}.Debug|Any CPU.Build.0 = Debug|Any CPU
		{1969E57D-1D30-CD96-2F29-39049964A35A}.Release|Any CPU.ActiveCfg = Release|Any CPU
		{1969E57D-1D30-CD96-2F29-39049964A35A}.Release|Any CPU.Build.0 = Release|Any CPU
		{2A3B4C5D-6E7F-8091-A2B3-C4D5E6F70819}.Debug|Any CPU.ActiveCfg = Debug|Any CPU
		{2A3B4C5D-6E7F-8091-A2B3-C4D5E6F70819}.Debug|Any CPU.Build.0 = Debug|Any CPU
		{2A3B4C5D-6E7F-8091-A2B3-C4D5E6F70819}.Release|Any CPU.ActiveCfg = Release|Any CPU
		{2A3B4C5D-6E7F-8091-A2B3-C4D5E6F70819}.Release|Any CPU.Build.0 = Release|Any CPU
	EndGlobalSection
	GlobalSection(SolutionProperties) = preSolution
		HideSolutionNode = FALSE
	EndGlobalSection
	GlobalSection(ExtensibilityGlobals) = postSolution
		SolutionGuid = {90C69C40-2E7A-4CEE-B2B1-CA82A0323D93}
	EndGlobalSection
EndGlobal
